// !$*UTF8*$!
{
	archiveVersion = 1;
	classes = {
	};
	objectVersion = 48;
	objects = {

/* Begin PBXBuildFile section */
		76CF34F8462CB018A8C39433 /* Pods_RQGridImagesDemo.framework in Frameworks */ = {isa = PBXBuildFile; fileRef = 6CE55550C8CD3B6D68FA6070 /* Pods_RQGridImagesDemo.framework */; };
		AC2A376F1B20F2F0CF1B9C75 /* Pods_RQGridImagesDemoUITests.framework in Frameworks */ = {isa = PBXBuildFile; fileRef = 9E2D98D139E481BE584FB1F1 /* Pods_RQGridImagesDemoUITests.framework */; };
		B08F26681FA1D62300716A2A /* AppDelegate.swift in Sources */ = {isa = PBXBuildFile; fileRef = B08F26671FA1D62300716A2A /* AppDelegate.swift */; };
		B08F266A1FA1D62300716A2A /* ViewController.swift in Sources */ = {isa = PBXBuildFile; fileRef = B08F26691FA1D62300716A2A /* ViewController.swift */; };
		B08F266D1FA1D62300716A2A /* Main.storyboard in Resources */ = {isa = PBXBuildFile; fileRef = B08F266B1FA1D62300716A2A /* Main.storyboard */; };
		B08F266F1FA1D62300716A2A /* Assets.xcassets in Resources */ = {isa = PBXBuildFile; fileRef = B08F266E1FA1D62300716A2A /* Assets.xcassets */; };
		B08F26721FA1D62300716A2A /* LaunchScreen.storyboard in Resources */ = {isa = PBXBuildFile; fileRef = B08F26701FA1D62300716A2A /* LaunchScreen.storyboard */; };
		B08F267D1FA1D62400716A2A /* RQGridImagesDemoTests.swift in Sources */ = {isa = PBXBuildFile; fileRef = B08F267C1FA1D62400716A2A /* RQGridImagesDemoTests.swift */; };
		B08F26881FA1D62400716A2A /* RQGridImagesDemoUITests.swift in Sources */ = {isa = PBXBuildFile; fileRef = B08F26871FA1D62400716A2A /* RQGridImagesDemoUITests.swift */; };
		B08F269D1FA30ADB00716A2A /* RQMana.swift in Sources */ = {isa = PBXBuildFile; fileRef = B08F269C1FA30ADB00716A2A /* RQMana.swift */; };
		B09B0B041FC41B2200C5DD84 /* RQGridImages.swift in Sources */ = {isa = PBXBuildFile; fileRef = B09B0B021FC41B2200C5DD84 /* RQGridImages.swift */; };
		B09B0B051FC41B2200C5DD84 /* RQDefaultGridImagesTableViewCell.swift in Sources */ = {isa = PBXBuildFile; fileRef = B09B0B031FC41B2200C5DD84 /* RQDefaultGridImagesTableViewCell.swift */; };
		B09B0B081FC41B6E00C5DD84 /* GridImagesTableViewController.swift in Sources */ = {isa = PBXBuildFile; fileRef = B09B0B061FC41B6E00C5DD84 /* GridImagesTableViewController.swift */; };
		B09B0B091FC41B6E00C5DD84 /* GridImagesViewController.swift in Sources */ = {isa = PBXBuildFile; fileRef = B09B0B071FC41B6E00C5DD84 /* GridImagesViewController.swift */; };
		B21D275B640D37DC6139AB27 /* Pods_RQGridImagesDemoTests.framework in Frameworks */ = {isa = PBXBuildFile; fileRef = EE694907034F35962B52969A /* Pods_RQGridImagesDemoTests.framework */; };
/* End PBXBuildFile section */

/* Begin PBXContainerItemProxy section */
		B08F26791FA1D62400716A2A /* PBXContainerItemProxy */ = {
			isa = PBXContainerItemProxy;
			containerPortal = B08F265C1FA1D62300716A2A /* Project object */;
			proxyType = 1;
			remoteGlobalIDString = B08F26631FA1D62300716A2A;
			remoteInfo = RQGridImagesDemo;
		};
		B08F26841FA1D62400716A2A /* PBXContainerItemProxy */ = {
			isa = PBXContainerItemProxy;
			containerPortal = B08F265C1FA1D62300716A2A /* Project object */;
			proxyType = 1;
			remoteGlobalIDString = B08F26631FA1D62300716A2A;
			remoteInfo = RQGridImagesDemo;
		};
/* End PBXContainerItemProxy section */

/* Begin PBXFileReference section */
		2952E1981F6097D3728E2861 /* Pods-RQGridImagesDemo.release.xcconfig */ = {isa = PBXFileReference; includeInIndex = 1; lastKnownFileType = text.xcconfig; name = "Pods-RQGridImagesDemo.release.xcconfig"; path = "Pods/Target Support Files/Pods-RQGridImagesDemo/Pods-RQGridImagesDemo.release.xcconfig"; sourceTree = "<group>"; };
		32548E295297B79E81FBFFB6 /* Pods-RQGridImagesDemoTests.release.xcconfig */ = {isa = PBXFileReference; includeInIndex = 1; lastKnownFileType = text.xcconfig; name = "Pods-RQGridImagesDemoTests.release.xcconfig"; path = "Pods/Target Support Files/Pods-RQGridImagesDemoTests/Pods-RQGridImagesDemoTests.release.xcconfig"; sourceTree = "<group>"; };
		4409ECA381A76D767C9F7B2E /* Pods-RQGridImagesDemoUITests.debug.xcconfig */ = {isa = PBXFileReference; includeInIndex = 1; lastKnownFileType = text.xcconfig; name = "Pods-RQGridImagesDemoUITests.debug.xcconfig"; path = "Pods/Target Support Files/Pods-RQGridImagesDemoUITests/Pods-RQGridImagesDemoUITests.debug.xcconfig"; sourceTree = "<group>"; };
		6CE55550C8CD3B6D68FA6070 /* Pods_RQGridImagesDemo.framework */ = {isa = PBXFileReference; explicitFileType = wrapper.framework; includeInIndex = 0; path = Pods_RQGridImagesDemo.framework; sourceTree = BUILT_PRODUCTS_DIR; };
		9E2D98D139E481BE584FB1F1 /* Pods_RQGridImagesDemoUITests.framework */ = {isa = PBXFileReference; explicitFileType = wrapper.framework; includeInIndex = 0; path = Pods_RQGridImagesDemoUITests.framework; sourceTree = BUILT_PRODUCTS_DIR; };
		ACF4013CDB580D0572427481 /* Pods-RQGridImagesDemoUITests.release.xcconfig */ = {isa = PBXFileReference; includeInIndex = 1; lastKnownFileType = text.xcconfig; name = "Pods-RQGridImagesDemoUITests.release.xcconfig"; path = "Pods/Target Support Files/Pods-RQGridImagesDemoUITests/Pods-RQGridImagesDemoUITests.release.xcconfig"; sourceTree = "<group>"; };
		B08F26641FA1D62300716A2A /* RQGridImagesDemo.app */ = {isa = PBXFileReference; explicitFileType = wrapper.application; includeInIndex = 0; path = RQGridImagesDemo.app; sourceTree = BUILT_PRODUCTS_DIR; };
		B08F26671FA1D62300716A2A /* AppDelegate.swift */ = {isa = PBXFileReference; lastKnownFileType = sourcecode.swift; path = AppDelegate.swift; sourceTree = "<group>"; };
		B08F26691FA1D62300716A2A /* ViewController.swift */ = {isa = PBXFileReference; lastKnownFileType = sourcecode.swift; path = ViewController.swift; sourceTree = "<group>"; };
		B08F266C1FA1D62300716A2A /* Base */ = {isa = PBXFileReference; lastKnownFileType = file.storyboard; name = Base; path = Base.lproj/Main.storyboard; sourceTree = "<group>"; };
		B08F266E1FA1D62300716A2A /* Assets.xcassets */ = {isa = PBXFileReference; lastKnownFileType = folder.assetcatalog; path = Assets.xcassets; sourceTree = "<group>"; };
		B08F26711FA1D62300716A2A /* Base */ = {isa = PBXFileReference; lastKnownFileType = file.storyboard; name = Base; path = Base.lproj/LaunchScreen.storyboard; sourceTree = "<group>"; };
		B08F26731FA1D62300716A2A /* Info.plist */ = {isa = PBXFileReference; lastKnownFileType = text.plist.xml; path = Info.plist; sourceTree = "<group>"; };
		B08F26781FA1D62400716A2A /* RQGridImagesDemoTests.xctest */ = {isa = PBXFileReference; explicitFileType = wrapper.cfbundle; includeInIndex = 0; path = RQGridImagesDemoTests.xctest; sourceTree = BUILT_PRODUCTS_DIR; };
		B08F267C1FA1D62400716A2A /* RQGridImagesDemoTests.swift */ = {isa = PBXFileReference; lastKnownFileType = sourcecode.swift; path = RQGridImagesDemoTests.swift; sourceTree = "<group>"; };
		B08F267E1FA1D62400716A2A /* Info.plist */ = {isa = PBXFileReference; lastKnownFileType = text.plist.xml; path = Info.plist; sourceTree = "<group>"; };
		B08F26831FA1D62400716A2A /* RQGridImagesDemoUITests.xctest */ = {isa = PBXFileReference; explicitFileType = wrapper.cfbundle; includeInIndex = 0; path = RQGridImagesDemoUITests.xctest; sourceTree = BUILT_PRODUCTS_DIR; };
		B08F26871FA1D62400716A2A /* RQGridImagesDemoUITests.swift */ = {isa = PBXFileReference; lastKnownFileType = sourcecode.swift; path = RQGridImagesDemoUITests.swift; sourceTree = "<group>"; };
		B08F26891FA1D62400716A2A /* Info.plist */ = {isa = PBXFileReference; lastKnownFileType = text.plist.xml; path = Info.plist; sourceTree = "<group>"; };
		B08F269C1FA30ADB00716A2A /* RQMana.swift */ = {isa = PBXFileReference; lastKnownFileType = sourcecode.swift; path = RQMana.swift; sourceTree = "<group>"; };
		B09B0B021FC41B2200C5DD84 /* RQGridImages.swift */ = {isa = PBXFileReference; fileEncoding = 4; lastKnownFileType = sourcecode.swift; path = RQGridImages.swift; sourceTree = "<group>"; };
		B09B0B031FC41B2200C5DD84 /* RQDefaultGridImagesTableViewCell.swift */ = {isa = PBXFileReference; fileEncoding = 4; lastKnownFileType = sourcecode.swift; name = RQDefaultGridImagesTableViewCell.swift; path = ../../../TestImagePicker_dev/TestImagePicker/RQGridImages/RQDefaultGridImagesTableViewCell.swift; sourceTree = "<group>"; };
		B09B0B061FC41B6E00C5DD84 /* GridImagesTableViewController.swift */ = {isa = PBXFileReference; fileEncoding = 4; lastKnownFileType = sourcecode.swift; path = GridImagesTableViewController.swift; sourceTree = "<group>"; };
		B09B0B071FC41B6E00C5DD84 /* GridImagesViewController.swift */ = {isa = PBXFileReference; fileEncoding = 4; lastKnownFileType = sourcecode.swift; path = GridImagesViewController.swift; sourceTree = "<group>"; };
		DD172431A646D27A2A08C5E4 /* Pods-RQGridImagesDemo.debug.xcconfig */ = {isa = PBXFileReference; includeInIndex = 1; lastKnownFileType = text.xcconfig; name = "Pods-RQGridImagesDemo.debug.xcconfig"; path = "Pods/Target Support Files/Pods-RQGridImagesDemo/Pods-RQGridImagesDemo.debug.xcconfig"; sourceTree = "<group>"; };
		E183E16DFDA1B62A30598B68 /* Pods-RQGridImagesDemoTests.debug.xcconfig */ = {isa = PBXFileReference; includeInIndex = 1; lastKnownFileType = text.xcconfig; name = "Pods-RQGridImagesDemoTests.debug.xcconfig"; path = "Pods/Target Support Files/Pods-RQGridImagesDemoTests/Pods-RQGridImagesDemoTests.debug.xcconfig"; sourceTree = "<group>"; };
		EE694907034F35962B52969A /* Pods_RQGridImagesDemoTests.framework */ = {isa = PBXFileReference; explicitFileType = wrapper.framework; includeInIndex = 0; path = Pods_RQGridImagesDemoTests.framework; sourceTree = BUILT_PRODUCTS_DIR; };
/* End PBXFileReference section */

/* Begin PBXFrameworksBuildPhase section */
		B08F26611FA1D62300716A2A /* Frameworks */ = {
			isa = PBXFrameworksBuildPhase;
			buildActionMask = 2147483647;
			files = (
				76CF34F8462CB018A8C39433 /* Pods_RQGridImagesDemo.framework in Frameworks */,
			);
			runOnlyForDeploymentPostprocessing = 0;
		};
		B08F26751FA1D62400716A2A /* Frameworks */ = {
			isa = PBXFrameworksBuildPhase;
			buildActionMask = 2147483647;
			files = (
				B21D275B640D37DC6139AB27 /* Pods_RQGridImagesDemoTests.framework in Frameworks */,
			);
			runOnlyForDeploymentPostprocessing = 0;
		};
		B08F26801FA1D62400716A2A /* Frameworks */ = {
			isa = PBXFrameworksBuildPhase;
			buildActionMask = 2147483647;
			files = (
				AC2A376F1B20F2F0CF1B9C75 /* Pods_RQGridImagesDemoUITests.framework in Frameworks */,
			);
			runOnlyForDeploymentPostprocessing = 0;
		};
/* End PBXFrameworksBuildPhase section */

/* Begin PBXGroup section */
		9A007E03B5D71EC3C7E49CC7 /* Frameworks */ = {
			isa = PBXGroup;
			children = (
				6CE55550C8CD3B6D68FA6070 /* Pods_RQGridImagesDemo.framework */,
				EE694907034F35962B52969A /* Pods_RQGridImagesDemoTests.framework */,
				9E2D98D139E481BE584FB1F1 /* Pods_RQGridImagesDemoUITests.framework */,
			);
			name = Frameworks;
			sourceTree = "<group>";
		};
		B08F265B1FA1D62300716A2A = {
			isa = PBXGroup;
			children = (
				B08F26661FA1D62300716A2A /* RQGridImagesDemo */,
				B08F267B1FA1D62400716A2A /* RQGridImagesDemoTests */,
				B08F26861FA1D62400716A2A /* RQGridImagesDemoUITests */,
				B08F26651FA1D62300716A2A /* Products */,
				ECFCAAEB2AFE7987755B95CB /* Pods */,
				9A007E03B5D71EC3C7E49CC7 /* Frameworks */,
			);
			sourceTree = "<group>";
		};
		B08F26651FA1D62300716A2A /* Products */ = {
			isa = PBXGroup;
			children = (
				B08F26641FA1D62300716A2A /* RQGridImagesDemo.app */,
				B08F26781FA1D62400716A2A /* RQGridImagesDemoTests.xctest */,
				B08F26831FA1D62400716A2A /* RQGridImagesDemoUITests.xctest */,
			);
			name = Products;
			sourceTree = "<group>";
		};
		B08F26661FA1D62300716A2A /* RQGridImagesDemo */ = {
			isa = PBXGroup;
			children = (
				B08F269C1FA30ADB00716A2A /* RQMana.swift */,
				B08F26951FA1D63200716A2A /* RQGridImages */,
				B08F26671FA1D62300716A2A /* AppDelegate.swift */,
				B08F26691FA1D62300716A2A /* ViewController.swift */,
				B09B0B061FC41B6E00C5DD84 /* GridImagesTableViewController.swift */,
				B09B0B071FC41B6E00C5DD84 /* GridImagesViewController.swift */,
				B08F266B1FA1D62300716A2A /* Main.storyboard */,
				B08F266E1FA1D62300716A2A /* Assets.xcassets */,
				B08F26701FA1D62300716A2A /* LaunchScreen.storyboard */,
				B08F26731FA1D62300716A2A /* Info.plist */,
			);
			path = RQGridImagesDemo;
			sourceTree = "<group>";
		};
		B08F267B1FA1D62400716A2A /* RQGridImagesDemoTests */ = {
			isa = PBXGroup;
			children = (
				B08F267C1FA1D62400716A2A /* RQGridImagesDemoTests.swift */,
				B08F267E1FA1D62400716A2A /* Info.plist */,
			);
			path = RQGridImagesDemoTests;
			sourceTree = "<group>";
		};
		B08F26861FA1D62400716A2A /* RQGridImagesDemoUITests */ = {
			isa = PBXGroup;
			children = (
				B08F26871FA1D62400716A2A /* RQGridImagesDemoUITests.swift */,
				B08F26891FA1D62400716A2A /* Info.plist */,
			);
			path = RQGridImagesDemoUITests;
			sourceTree = "<group>";
		};
		B08F26951FA1D63200716A2A /* RQGridImages */ = {
			isa = PBXGroup;
			children = (
				B09B0B021FC41B2200C5DD84 /* RQGridImages.swift */,
				B09B0B031FC41B2200C5DD84 /* RQDefaultGridImagesTableViewCell.swift */,
			);
			path = RQGridImages;
			sourceTree = "<group>";
		};
		ECFCAAEB2AFE7987755B95CB /* Pods */ = {
			isa = PBXGroup;
			children = (
				DD172431A646D27A2A08C5E4 /* Pods-RQGridImagesDemo.debug.xcconfig */,
				2952E1981F6097D3728E2861 /* Pods-RQGridImagesDemo.release.xcconfig */,
				E183E16DFDA1B62A30598B68 /* Pods-RQGridImagesDemoTests.debug.xcconfig */,
				32548E295297B79E81FBFFB6 /* Pods-RQGridImagesDemoTests.release.xcconfig */,
				4409ECA381A76D767C9F7B2E /* Pods-RQGridImagesDemoUITests.debug.xcconfig */,
				ACF4013CDB580D0572427481 /* Pods-RQGridImagesDemoUITests.release.xcconfig */,
			);
			name = Pods;
			sourceTree = "<group>";
		};
/* End PBXGroup section */

/* Begin PBXNativeTarget section */
		B08F26631FA1D62300716A2A /* RQGridImagesDemo */ = {
			isa = PBXNativeTarget;
			buildConfigurationList = B08F268C1FA1D62400716A2A /* Build configuration list for PBXNativeTarget "RQGridImagesDemo" */;
			buildPhases = (
				F74C569436C62CC1D1CDF5AE /* [CP] Check Pods Manifest.lock */,
				B08F26601FA1D62300716A2A /* Sources */,
				B08F26611FA1D62300716A2A /* Frameworks */,
				B08F26621FA1D62300716A2A /* Resources */,
				B8CE1956509A826B39068826 /* [CP] Embed Pods Frameworks */,
				C0A87AF3103E860ACF19B0D6 /* [CP] Copy Pods Resources */,
			);
			buildRules = (
			);
			dependencies = (
			);
			name = RQGridImagesDemo;
			productName = RQGridImagesDemo;
			productReference = B08F26641FA1D62300716A2A /* RQGridImagesDemo.app */;
			productType = "com.apple.product-type.application";
		};
		B08F26771FA1D62400716A2A /* RQGridImagesDemoTests */ = {
			isa = PBXNativeTarget;
			buildConfigurationList = B08F268F1FA1D62400716A2A /* Build configuration list for PBXNativeTarget "RQGridImagesDemoTests" */;
			buildPhases = (
				4806830B3C2642BC1C5BE1ED /* [CP] Check Pods Manifest.lock */,
				B08F26741FA1D62400716A2A /* Sources */,
				B08F26751FA1D62400716A2A /* Frameworks */,
				B08F26761FA1D62400716A2A /* Resources */,
				A525B2A075CB9A54B638B453 /* [CP] Embed Pods Frameworks */,
				C947FA7AF1C4DBF888522B88 /* [CP] Copy Pods Resources */,
			);
			buildRules = (
			);
			dependencies = (
				B08F267A1FA1D62400716A2A /* PBXTargetDependency */,
			);
			name = RQGridImagesDemoTests;
			productName = RQGridImagesDemoTests;
			productReference = B08F26781FA1D62400716A2A /* RQGridImagesDemoTests.xctest */;
			productType = "com.apple.product-type.bundle.unit-test";
		};
		B08F26821FA1D62400716A2A /* RQGridImagesDemoUITests */ = {
			isa = PBXNativeTarget;
			buildConfigurationList = B08F26921FA1D62400716A2A /* Build configuration list for PBXNativeTarget "RQGridImagesDemoUITests" */;
			buildPhases = (
				E8995DE9947D0E279CC105FC /* [CP] Check Pods Manifest.lock */,
				B08F267F1FA1D62400716A2A /* Sources */,
				B08F26801FA1D62400716A2A /* Frameworks */,
				B08F26811FA1D62400716A2A /* Resources */,
				DEC8664946C07F7F2284163B /* [CP] Embed Pods Frameworks */,
				B6D5CEDE5B0294EA51DF848F /* [CP] Copy Pods Resources */,
			);
			buildRules = (
			);
			dependencies = (
				B08F26851FA1D62400716A2A /* PBXTargetDependency */,
			);
			name = RQGridImagesDemoUITests;
			productName = RQGridImagesDemoUITests;
			productReference = B08F26831FA1D62400716A2A /* RQGridImagesDemoUITests.xctest */;
			productType = "com.apple.product-type.bundle.ui-testing";
		};
/* End PBXNativeTarget section */

/* Begin PBXProject section */
		B08F265C1FA1D62300716A2A /* Project object */ = {
			isa = PBXProject;
			attributes = {
				LastSwiftUpdateCheck = 0900;
				LastUpgradeCheck = 0900;
				ORGANIZATIONNAME = Q.Roy;
				TargetAttributes = {
					B08F26631FA1D62300716A2A = {
						CreatedOnToolsVersion = 9.0;
						ProvisioningStyle = Automatic;
					};
					B08F26771FA1D62400716A2A = {
						CreatedOnToolsVersion = 9.0;
						ProvisioningStyle = Automatic;
						TestTargetID = B08F26631FA1D62300716A2A;
					};
					B08F26821FA1D62400716A2A = {
						CreatedOnToolsVersion = 9.0;
						ProvisioningStyle = Automatic;
						TestTargetID = B08F26631FA1D62300716A2A;
					};
				};
			};
			buildConfigurationList = B08F265F1FA1D62300716A2A /* Build configuration list for PBXProject "RQGridImagesDemo" */;
			compatibilityVersion = "Xcode 8.0";
			developmentRegion = en;
			hasScannedForEncodings = 0;
			knownRegions = (
				en,
				Base,
			);
			mainGroup = B08F265B1FA1D62300716A2A;
			productRefGroup = B08F26651FA1D62300716A2A /* Products */;
			projectDirPath = "";
			projectRoot = "";
			targets = (
				B08F26631FA1D62300716A2A /* RQGridImagesDemo */,
				B08F26771FA1D62400716A2A /* RQGridImagesDemoTests */,
				B08F26821FA1D62400716A2A /* RQGridImagesDemoUITests */,
			);
		};
/* End PBXProject section */

/* Begin PBXResourcesBuildPhase section */
		B08F26621FA1D62300716A2A /* Resources */ = {
			isa = PBXResourcesBuildPhase;
			buildActionMask = 2147483647;
			files = (
				B08F26721FA1D62300716A2A /* LaunchScreen.storyboard in Resources */,
				B08F266F1FA1D62300716A2A /* Assets.xcassets in Resources */,
				B08F266D1FA1D62300716A2A /* Main.storyboard in Resources */,
			);
			runOnlyForDeploymentPostprocessing = 0;
		};
		B08F26761FA1D62400716A2A /* Resources */ = {
			isa = PBXResourcesBuildPhase;
			buildActionMask = 2147483647;
			files = (
			);
			runOnlyForDeploymentPostprocessing = 0;
		};
		B08F26811FA1D62400716A2A /* Resources */ = {
			isa = PBXResourcesBuildPhase;
			buildActionMask = 2147483647;
			files = (
			);
			runOnlyForDeploymentPostprocessing = 0;
		};
/* End PBXResourcesBuildPhase section */

/* Begin PBXShellScriptBuildPhase section */
		4806830B3C2642BC1C5BE1ED /* [CP] Check Pods Manifest.lock */ = {
			isa = PBXShellScriptBuildPhase;
			buildActionMask = 2147483647;
			files = (
			);
			inputPaths = (
			);
			name = "[CP] Check Pods Manifest.lock";
			outputPaths = (
			);
			runOnlyForDeploymentPostprocessing = 0;
			shellPath = /bin/sh;
			shellScript = "diff \"${PODS_PODFILE_DIR_PATH}/Podfile.lock\" \"${PODS_ROOT}/Manifest.lock\" > /dev/null\nif [ $? != 0 ] ; then\n    # print error to STDERR\n    echo \"error: The sandbox is not in sync with the Podfile.lock. Run 'pod install' or update your CocoaPods installation.\" >&2\n    exit 1\nfi\n";
			showEnvVarsInLog = 0;
		};
		A525B2A075CB9A54B638B453 /* [CP] Embed Pods Frameworks */ = {
			isa = PBXShellScriptBuildPhase;
			buildActionMask = 2147483647;
			files = (
			);
			inputPaths = (
			);
			name = "[CP] Embed Pods Frameworks";
			outputPaths = (
			);
			runOnlyForDeploymentPostprocessing = 0;
			shellPath = /bin/sh;
			shellScript = "\"${SRCROOT}/Pods/Target Support Files/Pods-RQGridImagesDemoTests/Pods-RQGridImagesDemoTests-frameworks.sh\"\n";
			showEnvVarsInLog = 0;
		};
		B6D5CEDE5B0294EA51DF848F /* [CP] Copy Pods Resources */ = {
			isa = PBXShellScriptBuildPhase;
			buildActionMask = 2147483647;
			files = (
			);
			inputPaths = (
			);
			name = "[CP] Copy Pods Resources";
			outputPaths = (
			);
			runOnlyForDeploymentPostprocessing = 0;
			shellPath = /bin/sh;
			shellScript = "\"${SRCROOT}/Pods/Target Support Files/Pods-RQGridImagesDemoUITests/Pods-RQGridImagesDemoUITests-resources.sh\"\n";
			showEnvVarsInLog = 0;
		};
		B8CE1956509A826B39068826 /* [CP] Embed Pods Frameworks */ = {
			isa = PBXShellScriptBuildPhase;
			buildActionMask = 2147483647;
			files = (
			);
			inputPaths = (
			);
			name = "[CP] Embed Pods Frameworks";
			outputPaths = (
			);
			runOnlyForDeploymentPostprocessing = 0;
			shellPath = /bin/sh;
			shellScript = "\"${SRCROOT}/Pods/Target Support Files/Pods-RQGridImagesDemo/Pods-RQGridImagesDemo-frameworks.sh\"\n";
			showEnvVarsInLog = 0;
		};
		C0A87AF3103E860ACF19B0D6 /* [CP] Copy Pods Resources */ = {
			isa = PBXShellScriptBuildPhase;
			buildActionMask = 2147483647;
			files = (
			);
			inputPaths = (
			);
			name = "[CP] Copy Pods Resources";
			outputPaths = (
			);
			runOnlyForDeploymentPostprocessing = 0;
			shellPath = /bin/sh;
			shellScript = "\"${SRCROOT}/Pods/Target Support Files/Pods-RQGridImagesDemo/Pods-RQGridImagesDemo-resources.sh\"\n";
			showEnvVarsInLog = 0;
		};
		C947FA7AF1C4DBF888522B88 /* [CP] Copy Pods Resources */ = {
			isa = PBXShellScriptBuildPhase;
			buildActionMask = 2147483647;
			files = (
			);
			inputPaths = (
			);
			name = "[CP] Copy Pods Resources";
			outputPaths = (
			);
			runOnlyForDeploymentPostprocessing = 0;
			shellPath = /bin/sh;
			shellScript = "\"${SRCROOT}/Pods/Target Support Files/Pods-RQGridImagesDemoTests/Pods-RQGridImagesDemoTests-resources.sh\"\n";
			showEnvVarsInLog = 0;
		};
		DEC8664946C07F7F2284163B /* [CP] Embed Pods Frameworks */ = {
			isa = PBXShellScriptBuildPhase;
			buildActionMask = 2147483647;
			files = (
			);
			inputPaths = (
			);
			name = "[CP] Embed Pods Frameworks";
			outputPaths = (
			);
			runOnlyForDeploymentPostprocessing = 0;
			shellPath = /bin/sh;
			shellScript = "\"${SRCROOT}/Pods/Target Support Files/Pods-RQGridImagesDemoUITests/Pods-RQGridImagesDemoUITests-frameworks.sh\"\n";
			showEnvVarsInLog = 0;
		};
		E8995DE9947D0E279CC105FC /* [CP] Check Pods Manifest.lock */ = {
			isa = PBXShellScriptBuildPhase;
			buildActionMask = 2147483647;
			files = (
			);
			inputPaths = (
			);
			name = "[CP] Check Pods Manifest.lock";
			outputPaths = (
			);
			runOnlyForDeploymentPostprocessing = 0;
			shellPath = /bin/sh;
			shellScript = "diff \"${PODS_PODFILE_DIR_PATH}/Podfile.lock\" \"${PODS_ROOT}/Manifest.lock\" > /dev/null\nif [ $? != 0 ] ; then\n    # print error to STDERR\n    echo \"error: The sandbox is not in sync with the Podfile.lock. Run 'pod install' or update your CocoaPods installation.\" >&2\n    exit 1\nfi\n";
			showEnvVarsInLog = 0;
		};
		F74C569436C62CC1D1CDF5AE /* [CP] Check Pods Manifest.lock */ = {
			isa = PBXShellScriptBuildPhase;
			buildActionMask = 2147483647;
			files = (
			);
			inputPaths = (
			);
			name = "[CP] Check Pods Manifest.lock";
			outputPaths = (
			);
			runOnlyForDeploymentPostprocessing = 0;
			shellPath = /bin/sh;
			shellScript = "diff \"${PODS_PODFILE_DIR_PATH}/Podfile.lock\" \"${PODS_ROOT}/Manifest.lock\" > /dev/null\nif [ $? != 0 ] ; then\n    # print error to STDERR\n    echo \"error: The sandbox is not in sync with the Podfile.lock. Run 'pod install' or update your CocoaPods installation.\" >&2\n    exit 1\nfi\n";
			showEnvVarsInLog = 0;
		};
/* End PBXShellScriptBuildPhase section */

/* Begin PBXSourcesBuildPhase section */
		B08F26601FA1D62300716A2A /* Sources */ = {
			isa = PBXSourcesBuildPhase;
			buildActionMask = 2147483647;
			files = (
				B08F266A1FA1D62300716A2A /* ViewController.swift in Sources */,
				B08F269D1FA30ADB00716A2A /* RQMana.swift in Sources */,
				B09B0B041FC41B2200C5DD84 /* RQGridImages.swift in Sources */,
				B08F26681FA1D62300716A2A /* AppDelegate.swift in Sources */,
				B09B0B051FC41B2200C5DD84 /* RQDefaultGridImagesTableViewCell.swift in Sources */,
				B09B0B091FC41B6E00C5DD84 /* GridImagesViewController.swift in Sources */,
				B09B0B081FC41B6E00C5DD84 /* GridImagesTableViewController.swift in Sources */,
			);
			runOnlyForDeploymentPostprocessing = 0;
		};
		B08F26741FA1D62400716A2A /* Sources */ = {
			isa = PBXSourcesBuildPhase;
			buildActionMask = 2147483647;
			files = (
				B08F267D1FA1D62400716A2A /* RQGridImagesDemoTests.swift in Sources */,
			);
			runOnlyForDeploymentPostprocessing = 0;
		};
		B08F267F1FA1D62400716A2A /* Sources */ = {
			isa = PBXSourcesBuildPhase;
			buildActionMask = 2147483647;
			files = (
				B08F26881FA1D62400716A2A /* RQGridImagesDemoUITests.swift in Sources */,
			);
			runOnlyForDeploymentPostprocessing = 0;
		};
/* End PBXSourcesBuildPhase section */

/* Begin PBXTargetDependency section */
		B08F267A1FA1D62400716A2A /* PBXTargetDependency */ = {
			isa = PBXTargetDependency;
			target = B08F26631FA1D62300716A2A /* RQGridImagesDemo */;
			targetProxy = B08F26791FA1D62400716A2A /* PBXContainerItemProxy */;
		};
		B08F26851FA1D62400716A2A /* PBXTargetDependency */ = {
			isa = PBXTargetDependency;
			target = B08F26631FA1D62300716A2A /* RQGridImagesDemo */;
			targetProxy = B08F26841FA1D62400716A2A /* PBXContainerItemProxy */;
		};
/* End PBXTargetDependency section */

/* Begin PBXVariantGroup section */
		B08F266B1FA1D62300716A2A /* Main.storyboard */ = {
			isa = PBXVariantGroup;
			children = (
				B08F266C1FA1D62300716A2A /* Base */,
			);
			name = Main.storyboard;
			sourceTree = "<group>";
		};
		B08F26701FA1D62300716A2A /* LaunchScreen.storyboard */ = {
			isa = PBXVariantGroup;
			children = (
				B08F26711FA1D62300716A2A /* Base */,
			);
			name = LaunchScreen.storyboard;
			sourceTree = "<group>";
		};
/* End PBXVariantGroup section */

/* Begin XCBuildConfiguration section */
		B08F268A1FA1D62400716A2A /* Debug */ = {
			isa = XCBuildConfiguration;
			buildSettings = {
				ALWAYS_SEARCH_USER_PATHS = NO;
				CLANG_ANALYZER_NONNULL = YES;
				CLANG_ANALYZER_NUMBER_OBJECT_CONVERSION = YES_AGGRESSIVE;
				CLANG_CXX_LANGUAGE_STANDARD = "gnu++14";
				CLANG_CXX_LIBRARY = "libc++";
				CLANG_ENABLE_MODULES = YES;
				CLANG_ENABLE_OBJC_ARC = YES;
				CLANG_WARN_BLOCK_CAPTURE_AUTORELEASING = YES;
				CLANG_WARN_BOOL_CONVERSION = YES;
				CLANG_WARN_COMMA = YES;
				CLANG_WARN_CONSTANT_CONVERSION = YES;
				CLANG_WARN_DIRECT_OBJC_ISA_USAGE = YES_ERROR;
				CLANG_WARN_DOCUMENTATION_COMMENTS = YES;
				CLANG_WARN_EMPTY_BODY = YES;
				CLANG_WARN_ENUM_CONVERSION = YES;
				CLANG_WARN_INFINITE_RECURSION = YES;
				CLANG_WARN_INT_CONVERSION = YES;
				CLANG_WARN_NON_LITERAL_NULL_CONVERSION = YES;
				CLANG_WARN_OBJC_LITERAL_CONVERSION = YES;
				CLANG_WARN_OBJC_ROOT_CLASS = YES_ERROR;
				CLANG_WARN_RANGE_LOOP_ANALYSIS = YES;
				CLANG_WARN_STRICT_PROTOTYPES = YES;
				CLANG_WARN_SUSPICIOUS_MOVE = YES;
				CLANG_WARN_UNGUARDED_AVAILABILITY = YES_AGGRESSIVE;
				CLANG_WARN_UNREACHABLE_CODE = YES;
				CLANG_WARN__DUPLICATE_METHOD_MATCH = YES;
				CODE_SIGN_IDENTITY = "iPhone Developer";
				COPY_PHASE_STRIP = NO;
				DEBUG_INFORMATION_FORMAT = dwarf;
				ENABLE_STRICT_OBJC_MSGSEND = YES;
				ENABLE_TESTABILITY = YES;
				GCC_C_LANGUAGE_STANDARD = gnu11;
				GCC_DYNAMIC_NO_PIC = NO;
				GCC_NO_COMMON_BLOCKS = YES;
				GCC_OPTIMIZATION_LEVEL = 0;
				GCC_PREPROCESSOR_DEFINITIONS = (
					"DEBUG=1",
					"$(inherited)",
				);
				GCC_WARN_64_TO_32_BIT_CONVERSION = YES;
				GCC_WARN_ABOUT_RETURN_TYPE = YES_ERROR;
				GCC_WARN_UNDECLARED_SELECTOR = YES;
				GCC_WARN_UNINITIALIZED_AUTOS = YES_AGGRESSIVE;
				GCC_WARN_UNUSED_FUNCTION = YES;
				GCC_WARN_UNUSED_VARIABLE = YES;
				IPHONEOS_DEPLOYMENT_TARGET = 11.0;
				MTL_ENABLE_DEBUG_INFO = YES;
				ONLY_ACTIVE_ARCH = YES;
				SDKROOT = iphoneos;
				SWIFT_ACTIVE_COMPILATION_CONDITIONS = DEBUG;
				SWIFT_OPTIMIZATION_LEVEL = "-Onone";
			};
			name = Debug;
		};
		B08F268B1FA1D62400716A2A /* Release */ = {
			isa = XCBuildConfiguration;
			buildSettings = {
				ALWAYS_SEARCH_USER_PATHS = NO;
				CLANG_ANALYZER_NONNULL = YES;
				CLANG_ANALYZER_NUMBER_OBJECT_CONVERSION = YES_AGGRESSIVE;
				CLANG_CXX_LANGUAGE_STANDARD = "gnu++14";
				CLANG_CXX_LIBRARY = "libc++";
				CLANG_ENABLE_MODULES = YES;
				CLANG_ENABLE_OBJC_ARC = YES;
				CLANG_WARN_BLOCK_CAPTURE_AUTORELEASING = YES;
				CLANG_WARN_BOOL_CONVERSION = YES;
				CLANG_WARN_COMMA = YES;
				CLANG_WARN_CONSTANT_CONVERSION = YES;
				CLANG_WARN_DIRECT_OBJC_ISA_USAGE = YES_ERROR;
				CLANG_WARN_DOCUMENTATION_COMMENTS = YES;
				CLANG_WARN_EMPTY_BODY = YES;
				CLANG_WARN_ENUM_CONVERSION = YES;
				CLANG_WARN_INFINITE_RECURSION = YES;
				CLANG_WARN_INT_CONVERSION = YES;
				CLANG_WARN_NON_LITERAL_NULL_CONVERSION = YES;
				CLANG_WARN_OBJC_LITERAL_CONVERSION = YES;
				CLANG_WARN_OBJC_ROOT_CLASS = YES_ERROR;
				CLANG_WARN_RANGE_LOOP_ANALYSIS = YES;
				CLANG_WARN_STRICT_PROTOTYPES = YES;
				CLANG_WARN_SUSPICIOUS_MOVE = YES;
				CLANG_WARN_UNGUARDED_AVAILABILITY = YES_AGGRESSIVE;
				CLANG_WARN_UNREACHABLE_CODE = YES;
				CLANG_WARN__DUPLICATE_METHOD_MATCH = YES;
				CODE_SIGN_IDENTITY = "iPhone Developer";
				COPY_PHASE_STRIP = NO;
				DEBUG_INFORMATION_FORMAT = "dwarf-with-dsym";
				ENABLE_NS_ASSERTIONS = NO;
				ENABLE_STRICT_OBJC_MSGSEND = YES;
				GCC_C_LANGUAGE_STANDARD = gnu11;
				GCC_NO_COMMON_BLOCKS = YES;
				GCC_WARN_64_TO_32_BIT_CONVERSION = YES;
				GCC_WARN_ABOUT_RETURN_TYPE = YES_ERROR;
				GCC_WARN_UNDECLARED_SELECTOR = YES;
				GCC_WARN_UNINITIALIZED_AUTOS = YES_AGGRESSIVE;
				GCC_WARN_UNUSED_FUNCTION = YES;
				GCC_WARN_UNUSED_VARIABLE = YES;
				IPHONEOS_DEPLOYMENT_TARGET = 11.0;
				MTL_ENABLE_DEBUG_INFO = NO;
				SDKROOT = iphoneos;
				SWIFT_OPTIMIZATION_LEVEL = "-Owholemodule";
				VALIDATE_PRODUCT = YES;
			};
			name = Release;
		};
		B08F268D1FA1D62400716A2A /* Debug */ = {
			isa = XCBuildConfiguration;
			baseConfigurationReference = DD172431A646D27A2A08C5E4 /* Pods-RQGridImagesDemo.debug.xcconfig */;
			buildSettings = {
				ASSETCATALOG_COMPILER_APPICON_NAME = AppIcon;
				CODE_SIGN_STYLE = Automatic;
				DEVELOPMENT_TEAM = B7395L7V2H;
				INFOPLIST_FILE = RQGridImagesDemo/Info.plist;
				IPHONEOS_DEPLOYMENT_TARGET = 9.0;
				LD_RUNPATH_SEARCH_PATHS = "$(inherited) @executable_path/Frameworks";
				PRODUCT_BUNDLE_IDENTIFIER = Q.Roy.RQGridImagesDemo;
				PRODUCT_NAME = "$(TARGET_NAME)";
				SWIFT_VERSION = 4.0;
				TARGETED_DEVICE_FAMILY = "1,2";
			};
			name = Debug;
		};
		B08F268E1FA1D62400716A2A /* Release */ = {
			isa = XCBuildConfiguration;
			baseConfigurationReference = 2952E1981F6097D3728E2861 /* Pods-RQGridImagesDemo.release.xcconfig */;
			buildSettings = {
				ASSETCATALOG_COMPILER_APPICON_NAME = AppIcon;
				CODE_SIGN_STYLE = Automatic;
				DEVELOPMENT_TEAM = B7395L7V2H;
				INFOPLIST_FILE = RQGridImagesDemo/Info.plist;
				IPHONEOS_DEPLOYMENT_TARGET = 9.0;
				LD_RUNPATH_SEARCH_PATHS = "$(inherited) @executable_path/Frameworks";
				PRODUCT_BUNDLE_IDENTIFIER = Q.Roy.RQGridImagesDemo;
				PRODUCT_NAME = "$(TARGET_NAME)";
				SWIFT_VERSION = 4.0;
				TARGETED_DEVICE_FAMILY = "1,2";
			};
			name = Release;
		};
		B08F26901FA1D62400716A2A /* Debug */ = {
			isa = XCBuildConfiguration;
			baseConfigurationReference = E183E16DFDA1B62A30598B68 /* Pods-RQGridImagesDemoTests.debug.xcconfig */;
			buildSettings = {
				ALWAYS_EMBED_SWIFT_STANDARD_LIBRARIES = YES;
				BUNDLE_LOADER = "$(TEST_HOST)";
				CODE_SIGN_STYLE = Automatic;
				DEVELOPMENT_TEAM = B7395L7V2H;
				INFOPLIST_FILE = RQGridImagesDemoTests/Info.plist;
				LD_RUNPATH_SEARCH_PATHS = "$(inherited) @executable_path/Frameworks @loader_path/Frameworks";
				PRODUCT_BUNDLE_IDENTIFIER = Q.Roy.RQGridImagesDemoTests;
				PRODUCT_NAME = "$(TARGET_NAME)";
				SWIFT_VERSION = 4.0;
				TARGETED_DEVICE_FAMILY = "1,2";
				TEST_HOST = "$(BUILT_PRODUCTS_DIR)/RQGridImagesDemo.app/RQGridImagesDemo";
			};
			name = Debug;
		};
		B08F26911FA1D62400716A2A /* Release */ = {
			isa = XCBuildConfiguration;
			baseConfigurationReference = 32548E295297B79E81FBFFB6 /* Pods-RQGridImagesDemoTests.release.xcconfig */;
			buildSettings = {
				ALWAYS_EMBED_SWIFT_STANDARD_LIBRARIES = YES;
				BUNDLE_LOADER = "$(TEST_HOST)";
				CODE_SIGN_STYLE = Automatic;
				DEVELOPMENT_TEAM = B7395L7V2H;
				INFOPLIST_FILE = RQGridImagesDemoTests/Info.plist;
				LD_RUNPATH_SEARCH_PATHS = "$(inherited) @executable_path/Frameworks @loader_path/Frameworks";
				PRODUCT_BUNDLE_IDENTIFIER = Q.Roy.RQGridImagesDemoTests;
				PRODUCT_NAME = "$(TARGET_NAME)";
				SWIFT_VERSION = 4.0;
				TARGETED_DEVICE_FAMILY = "1,2";
				TEST_HOST = "$(BUILT_PRODUCTS_DIR)/RQGridImagesDemo.app/RQGridImagesDemo";
			};
			name = Release;
		};
		B08F26931FA1D62400716A2A /* Debug */ = {
			isa = XCBuildConfiguration;
			baseConfigurationReference = 4409ECA381A76D767C9F7B2E /* Pods-RQGridImagesDemoUITests.debug.xcconfig */;
			buildSettings = {
				ALWAYS_EMBED_SWIFT_STANDARD_LIBRARIES = YES;
				CODE_SIGN_STYLE = Automatic;
				DEVELOPMENT_TEAM = B7395L7V2H;
				INFOPLIST_FILE = RQGridImagesDemoUITests/Info.plist;
				LD_RUNPATH_SEARCH_PATHS = "$(inherited) @executable_path/Frameworks @loader_path/Frameworks";
				PRODUCT_BUNDLE_IDENTIFIER = Q.Roy.RQGridImagesDemoUITests;
				PRODUCT_NAME = "$(TARGET_NAME)";
				SWIFT_VERSION = 4.0;
				TARGETED_DEVICE_FAMILY = "1,2";
				TEST_TARGET_NAME = RQGridImagesDemo;
			};
			name = Debug;
		};
		B08F26941FA1D62400716A2A /* Release */ = {
			isa = XCBuildConfiguration;
			baseConfigurationReference = ACF4013CDB580D0572427481 /* Pods-RQGridImagesDemoUITests.release.xcconfig */;
			buildSettings = {
				ALWAYS_EMBED_SWIFT_STANDARD_LIBRARIES = YES;
				CODE_SIGN_STYLE = Automatic;
				DEVELOPMENT_TEAM = B7395L7V2H;
				INFOPLIST_FILE = RQGridImagesDemoUITests/Info.plist;
				LD_RUNPATH_SEARCH_PATHS = "$(inherited) @executable_path/Frameworks @loader_path/Frameworks";
				PRODUCT_BUNDLE_IDENTIFIER = Q.Roy.RQGridImagesDemoUITests;
				PRODUCT_NAME = "$(TARGET_NAME)";
				SWIFT_VERSION = 4.0;
				TARGETED_DEVICE_FAMILY = "1,2";
				TEST_TARGET_NAME = RQGridImagesDemo;
			};
			name = Release;
		};
/* End XCBuildConfiguration section */

/* Begin XCConfigurationList section */
		B08F265F1FA1D62300716A2A /* Build configuration list for PBXProject "RQGridImagesDemo" */ = {
			isa = XCConfigurationList;
			buildConfigurations = (
				B08F268A1FA1D62400716A2A /* Debug */,
				B08F268B1FA1D62400716A2A /* Release */,
			);
			defaultConfigurationIsVisible = 0;
			defaultConfigurationName = Release;
		};
		B08F268C1FA1D62400716A2A /* Build configuration list for PBXNativeTarget "RQGridImagesDemo" */ = {
			isa = XCConfigurationList;
			buildConfigurations = (
				B08F268D1FA1D62400716A2A /* Debug */,
				B08F268E1FA1D62400716A2A /* Release */,
			);
			defaultConfigurationIsVisible = 0;
			defaultConfigurationName = Release;
		};
		B08F268F1FA1D62400716A2A /* Build configuration list for PBXNativeTarget "RQGridImagesDemoTests" */ = {
			isa = XCConfigurationList;
			buildConfigurations = (
				B08F26901FA1D62400716A2A /* Debug */,
				B08F26911FA1D62400716A2A /* Release */,
			);
			defaultConfigurationIsVisible = 0;
			defaultConfigurationName = Release;
		};
		B08F26921FA1D62400716A2A /* Build configuration list for PBXNativeTarget "RQGridImagesDemoUITests" */ = {
			isa = XCConfigurationList;
			buildConfigurations = (
				B08F26931FA1D62400716A2A /* Debug */,
				B08F26941FA1D62400716A2A /* Release */,
			);
			defaultConfigurationIsVisible = 0;
			defaultConfigurationName = Release;
		};
/* End XCConfigurationList section */
	};
	rootObject = B08F265C1FA1D62300716A2A /* Project object */;
}
